
Microsoft Visual Studio Solution File, Format Version 12.00
# Visual Studio 15
VisualStudioVersion = 15.0.28010.2041
MinimumVisualStudioVersion = 10.0.40219.1
Project("{FAE04EC0-301F-11D3-BF4B-00C04F79EFBC}") = "GRADIE", "GRADIE\GRADIE.csproj", "{9058DDE3-299B-47B3-A279-6A4FA69DA97C}"
EndProject
Global
	GlobalSection(SolutionConfigurationPlatforms) = preSolution
		Debug|Any CPU = Debug|Any CPU
		Release|Any CPU = Release|Any CPU
	EndGlobalSection
	GlobalSection(ProjectConfigurationPlatforms) = postSolution
		{9058DDE3-299B-47B3-A279-6A4FA69DA97C}.Debug|Any CPU.ActiveCfg = Debug|Any CPU
		{9058DDE3-299B-47B3-A279-6A4FA69DA97C}.Debug|Any CPU.Build.0 = Debug|Any CPU
		{9058DDE3-299B-47B3-A279-6A4FA69DA97C}.Release|Any CPU.ActiveCfg = Release|Any CPU
		{9058DDE3-299B-47B3-A279-6A4FA69DA97C}.Release|Any CPU.Build.0 = Release|Any CPU
	EndGlobalSection
	GlobalSection(SolutionProperties) = preSolution
		HideSolutionNode = FALSE
	EndGlobalSection
	GlobalSection(ExtensibilityGlobals) = postSolution
		SolutionGuid = {FD24E866-69CF-444F-AF40-DDCC42C3C75D}
	EndGlobalSection
EndGlobal
