
Microsoft Visual Studio Solution File, Format Version 12.00
# Visual Studio 15
VisualStudioVersion = 15.0.28010.2026
MinimumVisualStudioVersion = 10.0.40219.1
Project("{FAE04EC0-301F-11D3-BF4B-00C04F79EFBC}") = "STRAY", "STRAY\STRAY.csproj", "{D5CE70B8-AA41-4686-A58F-1FCCC11404E5}"
EndProject
Global
	GlobalSection(SolutionConfigurationPlatforms) = preSolution
		Debug|Any CPU = Debug|Any CPU
		Release|Any CPU = Release|Any CPU
	EndGlobalSection
	GlobalSection(ProjectConfigurationPlatforms) = postSolution
		{D5CE70B8-AA41-4686-A58F-1FCCC11404E5}.Debug|Any CPU.ActiveCfg = Debug|Any CPU
		{D5CE70B8-AA41-4686-A58F-1FCCC11404E5}.Debug|Any CPU.Build.0 = Debug|Any CPU
		{D5CE70B8-AA41-4686-A58F-1FCCC11404E5}.Release|Any CPU.ActiveCfg = Release|Any CPU
		{D5CE70B8-AA41-4686-A58F-1FCCC11404E5}.Release|Any CPU.Build.0 = Release|Any CPU
	EndGlobalSection
	GlobalSection(SolutionProperties) = preSolution
		HideSolutionNode = FALSE
	EndGlobalSection
	GlobalSection(ExtensibilityGlobals) = postSolution
		SolutionGuid = {0E080484-8C7F-4D06-A2CA-8DF92B2C4395}
	EndGlobalSection
EndGlobal
