
Microsoft Visual Studio Solution File, Format Version 12.00
# Visual Studio 15
VisualStudioVersion = 15.0.28307.136
MinimumVisualStudioVersion = 10.0.40219.1
Project("{FAE04EC0-301F-11D3-BF4B-00C04F79EFBC}") = "TSA", "TSA\TSA.csproj", "{13565E3F-F39B-4686-B07E-9549C2C69C15}"
EndProject
Global
	GlobalSection(SolutionConfigurationPlatforms) = preSolution
		Debug|Any CPU = Debug|Any CPU
		Release|Any CPU = Release|Any CPU
	EndGlobalSection
	GlobalSection(ProjectConfigurationPlatforms) = postSolution
		{13565E3F-F39B-4686-B07E-9549C2C69C15}.Debug|Any CPU.ActiveCfg = Debug|Any CPU
		{13565E3F-F39B-4686-B07E-9549C2C69C15}.Debug|Any CPU.Build.0 = Debug|Any CPU
		{13565E3F-F39B-4686-B07E-9549C2C69C15}.Release|Any CPU.ActiveCfg = Release|Any CPU
		{13565E3F-F39B-4686-B07E-9549C2C69C15}.Release|Any CPU.Build.0 = Release|Any CPU
	EndGlobalSection
	GlobalSection(SolutionProperties) = preSolution
		HideSolutionNode = FALSE
	EndGlobalSection
	GlobalSection(ExtensibilityGlobals) = postSolution
		SolutionGuid = {3B7C5296-379B-4924-AC26-DBEB42CDF3DC}
	EndGlobalSection
EndGlobal
